PODS:
  - Alamofire (4.9.1)
  - Factory (1.2.8)
  - SwaggerClient (0.0.1):
    - Alamofire (~> 4.9.0)
  - SwiftGen (6.6.2)
  - SwiftLint (0.49.1)

DEPENDENCIES:
  - Factory (~> 1.2.0)
  - SwaggerClient (from `../generated`)
  - SwiftGen
  - SwiftLint

SPEC REPOS:
  trunk:
    - Alamofire
    - Factory
    - SwiftGen
    - SwiftLint

EXTERNAL SOURCES:
  SwaggerClient:
    :path: "../generated"

SPEC CHECKSUMS:
  Alamofire: 85e8a02c69d6020a0d734f6054870d7ecb75cf18
  Factory: 7bffa5f381d923eabeb750fc8f7920a4bc443220
  SwaggerClient: b25343f8ecbede34b8a9400449c5b55330eb8f63
  SwiftGen: 1366a7f71aeef49954ca5a63ba4bef6b0f24138c
  SwiftLint: 32ee33ded0636d0905ef6911b2b67bbaeeedafa5

PODFILE CHECKSUM: c5247a291a7e310ef23802fae302e22ce9abec0d

COCOAPODS: 1.11.3
